// !$*UTF8*$!
{
	archiveVersion = 1;
	classes = {
	};
	objectVersion = 56;
	objects = {

/* Begin PBXBuildFile section */
		0824F4ED2B142AEF00DA1D4C /* PaidView.swift in Sources */ = {isa = PBXBuildFile; fileRef = 0824F4EC2B142AEF00DA1D4C /* PaidView.swift */; };
		0824F4F02B150B3600DA1D4C /* PaidReportView.swift in Sources */ = {isa = PBXBuildFile; fileRef = 0824F4EF2B150B3600DA1D4C /* PaidReportView.swift */; };
		083D38132ADF14F100248475 /* EmptyView.swift in Sources */ = {isa = PBXBuildFile; fileRef = 083D38122ADF14F100248475 /* EmptyView.swift */; };
		088CA5422AE18F8600B8488A /* DetailView.swift in Sources */ = {isa = PBXBuildFile; fileRef = 088CA5412AE18F8600B8488A /* DetailView.swift */; };
		088CA5442AE18FBB00B8488A /* EntryView.swift in Sources */ = {isa = PBXBuildFile; fileRef = 088CA5432AE18FBB00B8488A /* EntryView.swift */; };
		088D3D532ADDAFD200D20509 /* AllowanceAgentApp.swift in Sources */ = {isa = PBXBuildFile; fileRef = 088D3D522ADDAFD200D20509 /* AllowanceAgentApp.swift */; };
		088D3D592ADDAFD500D20509 /* Assets.xcassets in Resources */ = {isa = PBXBuildFile; fileRef = 088D3D582ADDAFD500D20509 /* Assets.xcassets */; };
		088D3D5C2ADDAFD500D20509 /* Preview Assets.xcassets in Resources */ = {isa = PBXBuildFile; fileRef = 088D3D5B2ADDAFD500D20509 /* Preview Assets.xcassets */; };
		088D3D662ADDAFD500D20509 /* AllowanceAgentTests.swift in Sources */ = {isa = PBXBuildFile; fileRef = 088D3D652ADDAFD500D20509 /* AllowanceAgentTests.swift */; };
		088D3D702ADDAFD500D20509 /* AllowanceAgentUITests.swift in Sources */ = {isa = PBXBuildFile; fileRef = 088D3D6F2ADDAFD500D20509 /* AllowanceAgentUITests.swift */; };
		088D3D722ADDAFD500D20509 /* AllowanceAgentUITestsLaunchTests.swift in Sources */ = {isa = PBXBuildFile; fileRef = 088D3D712ADDAFD500D20509 /* AllowanceAgentUITestsLaunchTests.swift */; };
		088D3D822ADDB11700D20509 /* ImagePicker.swift in Sources */ = {isa = PBXBuildFile; fileRef = 088D3D812ADDB11600D20509 /* ImagePicker.swift */; };
		088D3D842ADDB15100D20509 /* UserModel.swift in Sources */ = {isa = PBXBuildFile; fileRef = 088D3D832ADDB15100D20509 /* UserModel.swift */; };
		088D3D862ADDB16400D20509 /* Extension.swift in Sources */ = {isa = PBXBuildFile; fileRef = 088D3D852ADDB16400D20509 /* Extension.swift */; };
		088D3D882ADDB24000D20509 /* DataViewModel.swift in Sources */ = {isa = PBXBuildFile; fileRef = 088D3D872ADDB24000D20509 /* DataViewModel.swift */; };
		088D3D8A2ADDB39A00D20509 /* AppColor.swift in Sources */ = {isa = PBXBuildFile; fileRef = 088D3D892ADDB39A00D20509 /* AppColor.swift */; };
		088D3D8C2ADDB3EE00D20509 /* NotificationManager.swift in Sources */ = {isa = PBXBuildFile; fileRef = 088D3D8B2ADDB3EE00D20509 /* NotificationManager.swift */; };
		088D3D8E2ADDB90F00D20509 /* MainView.swift in Sources */ = {isa = PBXBuildFile; fileRef = 088D3D8D2ADDB90F00D20509 /* MainView.swift */; };
		088D3D922ADDBF1A00D20509 /* SplashScreen.swift in Sources */ = {isa = PBXBuildFile; fileRef = 088D3D912ADDBF1A00D20509 /* SplashScreen.swift */; };
		08939C172AE03AE700CC49D3 /* TitleView.swift in Sources */ = {isa = PBXBuildFile; fileRef = 08939C162AE03AE700CC49D3 /* TitleView.swift */; };
		08C7910A2ADEED59003A3B38 /* Lobster-Regular.ttf in Resources */ = {isa = PBXBuildFile; fileRef = 08C791092ADEED59003A3B38 /* Lobster-Regular.ttf */; };
		08C7910E2ADEF322003A3B38 /* BlurBackground.swift in Sources */ = {isa = PBXBuildFile; fileRef = 08C7910D2ADEF322003A3B38 /* BlurBackground.swift */; };
		08D58E412AFC750F006E5F4B /* EditUserView.swift in Sources */ = {isa = PBXBuildFile; fileRef = 08D58E402AFC750F006E5F4B /* EditUserView.swift */; };
/* End PBXBuildFile section */

/* Begin PBXContainerItemProxy section */
		088D3D622ADDAFD500D20509 /* PBXContainerItemProxy */ = {
			isa = PBXContainerItemProxy;
			containerPortal = 088D3D472ADDAFD200D20509 /* Project object */;
			proxyType = 1;
			remoteGlobalIDString = 088D3D4E2ADDAFD200D20509;
			remoteInfo = AllowanceAgent;
		};
		088D3D6C2ADDAFD500D20509 /* PBXContainerItemProxy */ = {
			isa = PBXContainerItemProxy;
			containerPortal = 088D3D472ADDAFD200D20509 /* Project object */;
			proxyType = 1;
			remoteGlobalIDString = 088D3D4E2ADDAFD200D20509;
			remoteInfo = AllowanceAgent;
		};
/* End PBXContainerItemProxy section */

/* Begin PBXFileReference section */
		0824F4EC2B142AEF00DA1D4C /* PaidView.swift */ = {isa = PBXFileReference; lastKnownFileType = sourcecode.swift; path = PaidView.swift; sourceTree = "<group>"; };
		0824F4EF2B150B3600DA1D4C /* PaidReportView.swift */ = {isa = PBXFileReference; lastKnownFileType = sourcecode.swift; path = PaidReportView.swift; sourceTree = "<group>"; };
		083D38122ADF14F100248475 /* EmptyView.swift */ = {isa = PBXFileReference; lastKnownFileType = sourcecode.swift; path = EmptyView.swift; sourceTree = "<group>"; };
		088CA5412AE18F8600B8488A /* DetailView.swift */ = {isa = PBXFileReference; lastKnownFileType = sourcecode.swift; path = DetailView.swift; sourceTree = "<group>"; };
		088CA5432AE18FBB00B8488A /* EntryView.swift */ = {isa = PBXFileReference; lastKnownFileType = sourcecode.swift; path = EntryView.swift; sourceTree = "<group>"; };
		088D3D4F2ADDAFD200D20509 /* AllowanceAgent.app */ = {isa = PBXFileReference; explicitFileType = wrapper.application; includeInIndex = 0; path = AllowanceAgent.app; sourceTree = BUILT_PRODUCTS_DIR; };
		088D3D522ADDAFD200D20509 /* AllowanceAgentApp.swift */ = {isa = PBXFileReference; lastKnownFileType = sourcecode.swift; path = AllowanceAgentApp.swift; sourceTree = "<group>"; };
		088D3D582ADDAFD500D20509 /* Assets.xcassets */ = {isa = PBXFileReference; lastKnownFileType = folder.assetcatalog; path = Assets.xcassets; sourceTree = "<group>"; };
		088D3D5B2ADDAFD500D20509 /* Preview Assets.xcassets */ = {isa = PBXFileReference; lastKnownFileType = folder.assetcatalog; path = "Preview Assets.xcassets"; sourceTree = "<group>"; };
		088D3D612ADDAFD500D20509 /* AllowanceAgentTests.xctest */ = {isa = PBXFileReference; explicitFileType = wrapper.cfbundle; includeInIndex = 0; path = AllowanceAgentTests.xctest; sourceTree = BUILT_PRODUCTS_DIR; };
		088D3D652ADDAFD500D20509 /* AllowanceAgentTests.swift */ = {isa = PBXFileReference; lastKnownFileType = sourcecode.swift; path = AllowanceAgentTests.swift; sourceTree = "<group>"; };
		088D3D6B2ADDAFD500D20509 /* AllowanceAgentUITests.xctest */ = {isa = PBXFileReference; explicitFileType = wrapper.cfbundle; includeInIndex = 0; path = AllowanceAgentUITests.xctest; sourceTree = BUILT_PRODUCTS_DIR; };
		088D3D6F2ADDAFD500D20509 /* AllowanceAgentUITests.swift */ = {isa = PBXFileReference; lastKnownFileType = sourcecode.swift; path = AllowanceAgentUITests.swift; sourceTree = "<group>"; };
		088D3D712ADDAFD500D20509 /* AllowanceAgentUITestsLaunchTests.swift */ = {isa = PBXFileReference; lastKnownFileType = sourcecode.swift; path = AllowanceAgentUITestsLaunchTests.swift; sourceTree = "<group>"; };
		088D3D812ADDB11600D20509 /* ImagePicker.swift */ = {isa = PBXFileReference; lastKnownFileType = sourcecode.swift; path = ImagePicker.swift; sourceTree = "<group>"; };
		088D3D832ADDB15100D20509 /* UserModel.swift */ = {isa = PBXFileReference; lastKnownFileType = sourcecode.swift; path = UserModel.swift; sourceTree = "<group>"; };
		088D3D852ADDB16400D20509 /* Extension.swift */ = {isa = PBXFileReference; lastKnownFileType = sourcecode.swift; path = Extension.swift; sourceTree = "<group>"; };
		088D3D872ADDB24000D20509 /* DataViewModel.swift */ = {isa = PBXFileReference; lastKnownFileType = sourcecode.swift; path = DataViewModel.swift; sourceTree = "<group>"; };
		088D3D892ADDB39A00D20509 /* AppColor.swift */ = {isa = PBXFileReference; lastKnownFileType = sourcecode.swift; path = AppColor.swift; sourceTree = "<group>"; };
		088D3D8B2ADDB3EE00D20509 /* NotificationManager.swift */ = {isa = PBXFileReference; lastKnownFileType = sourcecode.swift; path = NotificationManager.swift; sourceTree = "<group>"; };
		088D3D8D2ADDB90F00D20509 /* MainView.swift */ = {isa = PBXFileReference; lastKnownFileType = sourcecode.swift; path = MainView.swift; sourceTree = "<group>"; };
		088D3D912ADDBF1A00D20509 /* SplashScreen.swift */ = {isa = PBXFileReference; lastKnownFileType = sourcecode.swift; path = SplashScreen.swift; sourceTree = "<group>"; };
		08939C162AE03AE700CC49D3 /* TitleView.swift */ = {isa = PBXFileReference; lastKnownFileType = sourcecode.swift; path = TitleView.swift; sourceTree = "<group>"; };
		08C791092ADEED59003A3B38 /* Lobster-Regular.ttf */ = {isa = PBXFileReference; lastKnownFileType = file; path = "Lobster-Regular.ttf"; sourceTree = "<group>"; };
		08C7910C2ADEEE26003A3B38 /* Info.plist */ = {isa = PBXFileReference; lastKnownFileType = text.plist; path = Info.plist; sourceTree = "<group>"; };
		08C7910D2ADEF322003A3B38 /* BlurBackground.swift */ = {isa = PBXFileReference; lastKnownFileType = sourcecode.swift; path = BlurBackground.swift; sourceTree = "<group>"; };
		08D58E402AFC750F006E5F4B /* EditUserView.swift */ = {isa = PBXFileReference; lastKnownFileType = sourcecode.swift; path = EditUserView.swift; sourceTree = "<group>"; };
/* End PBXFileReference section */

/* Begin PBXFrameworksBuildPhase section */
		088D3D4C2ADDAFD200D20509 /* Frameworks */ = {
			isa = PBXFrameworksBuildPhase;
			buildActionMask = 2147483647;
			files = (
			);
			runOnlyForDeploymentPostprocessing = 0;
		};
		088D3D5E2ADDAFD500D20509 /* Frameworks */ = {
			isa = PBXFrameworksBuildPhase;
			buildActionMask = 2147483647;
			files = (
			);
			runOnlyForDeploymentPostprocessing = 0;
		};
		088D3D682ADDAFD500D20509 /* Frameworks */ = {
			isa = PBXFrameworksBuildPhase;
			buildActionMask = 2147483647;
			files = (
			);
			runOnlyForDeploymentPostprocessing = 0;
		};
/* End PBXFrameworksBuildPhase section */

/* Begin PBXGroup section */
		0824F4EE2B150B0500DA1D4C /* PaidViews */ = {
			isa = PBXGroup;
			children = (
				0824F4EC2B142AEF00DA1D4C /* PaidView.swift */,
				0824F4EF2B150B3600DA1D4C /* PaidReportView.swift */,
			);
			path = PaidViews;
			sourceTree = "<group>";
		};
		083D38142ADF154100248475 /* EmptyViews */ = {
			isa = PBXGroup;
			children = (
				083D38122ADF14F100248475 /* EmptyView.swift */,
			);
			path = EmptyViews;
			sourceTree = "<group>";
		};
		088CA5452AE18FC600B8488A /* BeautifulScreen */ = {
			isa = PBXGroup;
			children = (
				088D3D912ADDBF1A00D20509 /* SplashScreen.swift */,
				08C7910D2ADEF322003A3B38 /* BlurBackground.swift */,
			);
			path = BeautifulScreen;
			sourceTree = "<group>";
		};
		088D3D462ADDAFD200D20509 = {
			isa = PBXGroup;
			children = (
				088D3D512ADDAFD200D20509 /* AllowanceAgent */,
				088D3D642ADDAFD500D20509 /* AllowanceAgentTests */,
				088D3D6E2ADDAFD500D20509 /* AllowanceAgentUITests */,
				088D3D502ADDAFD200D20509 /* Products */,
			);
			sourceTree = "<group>";
		};
		088D3D502ADDAFD200D20509 /* Products */ = {
			isa = PBXGroup;
			children = (
				088D3D4F2ADDAFD200D20509 /* AllowanceAgent.app */,
				088D3D612ADDAFD500D20509 /* AllowanceAgentTests.xctest */,
				088D3D6B2ADDAFD500D20509 /* AllowanceAgentUITests.xctest */,
			);
			name = Products;
			sourceTree = "<group>";
		};
		088D3D512ADDAFD200D20509 /* AllowanceAgent */ = {
			isa = PBXGroup;
			children = (
				08C7910C2ADEEE26003A3B38 /* Info.plist */,
				088D3D522ADDAFD200D20509 /* AllowanceAgentApp.swift */,
				088D3D7F2ADDB08A00D20509 /* ViewModel */,
				088D3D802ADDB09100D20509 /* View */,
				088D3D7E2ADDB07C00D20509 /* Model */,
				088D3D582ADDAFD500D20509 /* Assets.xcassets */,
				08C7910B2ADEED75003A3B38 /* Font */,
				088D3D5A2ADDAFD500D20509 /* Preview Content */,
			);
			path = AllowanceAgent;
			sourceTree = "<group>";
		};
		088D3D5A2ADDAFD500D20509 /* Preview Content */ = {
			isa = PBXGroup;
			children = (
				088D3D5B2ADDAFD500D20509 /* Preview Assets.xcassets */,
			);
			path = "Preview Content";
			sourceTree = "<group>";
		};
		088D3D642ADDAFD500D20509 /* AllowanceAgentTests */ = {
			isa = PBXGroup;
			children = (
				088D3D652ADDAFD500D20509 /* AllowanceAgentTests.swift */,
			);
			path = AllowanceAgentTests;
			sourceTree = "<group>";
		};
		088D3D6E2ADDAFD500D20509 /* AllowanceAgentUITests */ = {
			isa = PBXGroup;
			children = (
				088D3D6F2ADDAFD500D20509 /* AllowanceAgentUITests.swift */,
				088D3D712ADDAFD500D20509 /* AllowanceAgentUITestsLaunchTests.swift */,
			);
			path = AllowanceAgentUITests;
			sourceTree = "<group>";
		};
		088D3D7E2ADDB07C00D20509 /* Model */ = {
			isa = PBXGroup;
			children = (
				088D3D812ADDB11600D20509 /* ImagePicker.swift */,
				088D3D832ADDB15100D20509 /* UserModel.swift */,
				088D3D852ADDB16400D20509 /* Extension.swift */,
			);
			path = Model;
			sourceTree = "<group>";
		};
		088D3D7F2ADDB08A00D20509 /* ViewModel */ = {
			isa = PBXGroup;
			children = (
				088D3D872ADDB24000D20509 /* DataViewModel.swift */,
				088D3D892ADDB39A00D20509 /* AppColor.swift */,
				088D3D8B2ADDB3EE00D20509 /* NotificationManager.swift */,
			);
			path = ViewModel;
			sourceTree = "<group>";
		};
		088D3D802ADDB09100D20509 /* View */ = {
			isa = PBXGroup;
			children = (
				088D3D8D2ADDB90F00D20509 /* MainView.swift */,
				088CA5432AE18FBB00B8488A /* EntryView.swift */,
				088CA5412AE18F8600B8488A /* DetailView.swift */,
				08D58E402AFC750F006E5F4B /* EditUserView.swift */,
				0824F4EE2B150B0500DA1D4C /* PaidViews */,
				088CA5452AE18FC600B8488A /* BeautifulScreen */,
				083D38142ADF154100248475 /* EmptyViews */,
				08939C152AE03AC100CC49D3 /* TitleView */,
			);
			path = View;
			sourceTree = "<group>";
		};
		08939C152AE03AC100CC49D3 /* TitleView */ = {
			isa = PBXGroup;
			children = (
				08939C162AE03AE700CC49D3 /* TitleView.swift */,
			);
			path = TitleView;
			sourceTree = "<group>";
		};
		08C7910B2ADEED75003A3B38 /* Font */ = {
			isa = PBXGroup;
			children = (
				08C791092ADEED59003A3B38 /* Lobster-Regular.ttf */,
			);
			path = Font;
			sourceTree = "<group>";
		};
/* End PBXGroup section */

/* Begin PBXNativeTarget section */
		088D3D4E2ADDAFD200D20509 /* AllowanceAgent */ = {
			isa = PBXNativeTarget;
			buildConfigurationList = 088D3D752ADDAFD500D20509 /* Build configuration list for PBXNativeTarget "AllowanceAgent" */;
			buildPhases = (
				088D3D4B2ADDAFD200D20509 /* Sources */,
				088D3D4C2ADDAFD200D20509 /* Frameworks */,
				088D3D4D2ADDAFD200D20509 /* Resources */,
			);
			buildRules = (
			);
			dependencies = (
			);
			name = AllowanceAgent;
			productName = AllowanceAgent;
			productReference = 088D3D4F2ADDAFD200D20509 /* AllowanceAgent.app */;
			productType = "com.apple.product-type.application";
		};
		088D3D602ADDAFD500D20509 /* AllowanceAgentTests */ = {
			isa = PBXNativeTarget;
			buildConfigurationList = 088D3D782ADDAFD500D20509 /* Build configuration list for PBXNativeTarget "AllowanceAgentTests" */;
			buildPhases = (
				088D3D5D2ADDAFD500D20509 /* Sources */,
				088D3D5E2ADDAFD500D20509 /* Frameworks */,
				088D3D5F2ADDAFD500D20509 /* Resources */,
			);
			buildRules = (
			);
			dependencies = (
				088D3D632ADDAFD500D20509 /* PBXTargetDependency */,
			);
			name = AllowanceAgentTests;
			productName = AllowanceAgentTests;
			productReference = 088D3D612ADDAFD500D20509 /* AllowanceAgentTests.xctest */;
			productType = "com.apple.product-type.bundle.unit-test";
		};
		088D3D6A2ADDAFD500D20509 /* AllowanceAgentUITests */ = {
			isa = PBXNativeTarget;
			buildConfigurationList = 088D3D7B2ADDAFD500D20509 /* Build configuration list for PBXNativeTarget "AllowanceAgentUITests" */;
			buildPhases = (
				088D3D672ADDAFD500D20509 /* Sources */,
				088D3D682ADDAFD500D20509 /* Frameworks */,
				088D3D692ADDAFD500D20509 /* Resources */,
			);
			buildRules = (
			);
			dependencies = (
				088D3D6D2ADDAFD500D20509 /* PBXTargetDependency */,
			);
			name = AllowanceAgentUITests;
			productName = AllowanceAgentUITests;
			productReference = 088D3D6B2ADDAFD500D20509 /* AllowanceAgentUITests.xctest */;
			productType = "com.apple.product-type.bundle.ui-testing";
		};
/* End PBXNativeTarget section */

/* Begin PBXProject section */
		088D3D472ADDAFD200D20509 /* Project object */ = {
			isa = PBXProject;
			attributes = {
				BuildIndependentTargetsInParallel = 1;
				LastSwiftUpdateCheck = 1500;
				LastUpgradeCheck = 1500;
				TargetAttributes = {
					088D3D4E2ADDAFD200D20509 = {
						CreatedOnToolsVersion = 15.0;
					};
					088D3D602ADDAFD500D20509 = {
						CreatedOnToolsVersion = 15.0;
						TestTargetID = 088D3D4E2ADDAFD200D20509;
					};
					088D3D6A2ADDAFD500D20509 = {
						CreatedOnToolsVersion = 15.0;
						TestTargetID = 088D3D4E2ADDAFD200D20509;
					};
				};
			};
			buildConfigurationList = 088D3D4A2ADDAFD200D20509 /* Build configuration list for PBXProject "AllowanceAgent" */;
			compatibilityVersion = "Xcode 14.0";
			developmentRegion = en;
			hasScannedForEncodings = 0;
			knownRegions = (
				en,
				Base,
			);
			mainGroup = 088D3D462ADDAFD200D20509;
			productRefGroup = 088D3D502ADDAFD200D20509 /* Products */;
			projectDirPath = "";
			projectRoot = "";
			targets = (
				088D3D4E2ADDAFD200D20509 /* AllowanceAgent */,
				088D3D602ADDAFD500D20509 /* AllowanceAgentTests */,
				088D3D6A2ADDAFD500D20509 /* AllowanceAgentUITests */,
			);
		};
/* End PBXProject section */

/* Begin PBXResourcesBuildPhase section */
		088D3D4D2ADDAFD200D20509 /* Resources */ = {
			isa = PBXResourcesBuildPhase;
			buildActionMask = 2147483647;
			files = (
				088D3D5C2ADDAFD500D20509 /* Preview Assets.xcassets in Resources */,
				08C7910A2ADEED59003A3B38 /* Lobster-Regular.ttf in Resources */,
				088D3D592ADDAFD500D20509 /* Assets.xcassets in Resources */,
			);
			runOnlyForDeploymentPostprocessing = 0;
		};
		088D3D5F2ADDAFD500D20509 /* Resources */ = {
			isa = PBXResourcesBuildPhase;
			buildActionMask = 2147483647;
			files = (
			);
			runOnlyForDeploymentPostprocessing = 0;
		};
		088D3D692ADDAFD500D20509 /* Resources */ = {
			isa = PBXResourcesBuildPhase;
			buildActionMask = 2147483647;
			files = (
			);
			runOnlyForDeploymentPostprocessing = 0;
		};
/* End PBXResourcesBuildPhase section */

/* Begin PBXSourcesBuildPhase section */
		088D3D4B2ADDAFD200D20509 /* Sources */ = {
			isa = PBXSourcesBuildPhase;
			buildActionMask = 2147483647;
			files = (
				088D3D8A2ADDB39A00D20509 /* AppColor.swift in Sources */,
				088D3D822ADDB11700D20509 /* ImagePicker.swift in Sources */,
				088CA5442AE18FBB00B8488A /* EntryView.swift in Sources */,
				0824F4F02B150B3600DA1D4C /* PaidReportView.swift in Sources */,
				08D58E412AFC750F006E5F4B /* EditUserView.swift in Sources */,
				0824F4ED2B142AEF00DA1D4C /* PaidView.swift in Sources */,
				088D3D8E2ADDB90F00D20509 /* MainView.swift in Sources */,
				088CA5422AE18F8600B8488A /* DetailView.swift in Sources */,
				088D3D8C2ADDB3EE00D20509 /* NotificationManager.swift in Sources */,
				083D38132ADF14F100248475 /* EmptyView.swift in Sources */,
				088D3D922ADDBF1A00D20509 /* SplashScreen.swift in Sources */,
				088D3D862ADDB16400D20509 /* Extension.swift in Sources */,
				08C7910E2ADEF322003A3B38 /* BlurBackground.swift in Sources */,
				088D3D842ADDB15100D20509 /* UserModel.swift in Sources */,
				088D3D882ADDB24000D20509 /* DataViewModel.swift in Sources */,
				08939C172AE03AE700CC49D3 /* TitleView.swift in Sources */,
				088D3D532ADDAFD200D20509 /* AllowanceAgentApp.swift in Sources */,
			);
			runOnlyForDeploymentPostprocessing = 0;
		};
		088D3D5D2ADDAFD500D20509 /* Sources */ = {
			isa = PBXSourcesBuildPhase;
			buildActionMask = 2147483647;
			files = (
				088D3D662ADDAFD500D20509 /* AllowanceAgentTests.swift in Sources */,
			);
			runOnlyForDeploymentPostprocessing = 0;
		};
		088D3D672ADDAFD500D20509 /* Sources */ = {
			isa = PBXSourcesBuildPhase;
			buildActionMask = 2147483647;
			files = (
				088D3D702ADDAFD500D20509 /* AllowanceAgentUITests.swift in Sources */,
				088D3D722ADDAFD500D20509 /* AllowanceAgentUITestsLaunchTests.swift in Sources */,
			);
			runOnlyForDeploymentPostprocessing = 0;
		};
/* End PBXSourcesBuildPhase section */

/* Begin PBXTargetDependency section */
		088D3D632ADDAFD500D20509 /* PBXTargetDependency */ = {
			isa = PBXTargetDependency;
			target = 088D3D4E2ADDAFD200D20509 /* AllowanceAgent */;
			targetProxy = 088D3D622ADDAFD500D20509 /* PBXContainerItemProxy */;
		};
		088D3D6D2ADDAFD500D20509 /* PBXTargetDependency */ = {
			isa = PBXTargetDependency;
			target = 088D3D4E2ADDAFD200D20509 /* AllowanceAgent */;
			targetProxy = 088D3D6C2ADDAFD500D20509 /* PBXContainerItemProxy */;
		};
/* End PBXTargetDependency section */

/* Begin XCBuildConfiguration section */
		088D3D732ADDAFD500D20509 /* Debug */ = {
			isa = XCBuildConfiguration;
			buildSettings = {
				ALWAYS_SEARCH_USER_PATHS = NO;
				ASSETCATALOG_COMPILER_GENERATE_SWIFT_ASSET_SYMBOL_EXTENSIONS = YES;
				CLANG_ANALYZER_NONNULL = YES;
				CLANG_ANALYZER_NUMBER_OBJECT_CONVERSION = YES_AGGRESSIVE;
				CLANG_CXX_LANGUAGE_STANDARD = "gnu++20";
				CLANG_ENABLE_MODULES = YES;
				CLANG_ENABLE_OBJC_ARC = YES;
				CLANG_ENABLE_OBJC_WEAK = YES;
				CLANG_WARN_BLOCK_CAPTURE_AUTORELEASING = YES;
				CLANG_WARN_BOOL_CONVERSION = YES;
				CLANG_WARN_COMMA = YES;
				CLANG_WARN_CONSTANT_CONVERSION = YES;
				CLANG_WARN_DEPRECATED_OBJC_IMPLEMENTATIONS = YES;
				CLANG_WARN_DIRECT_OBJC_ISA_USAGE = YES_ERROR;
				CLANG_WARN_DOCUMENTATION_COMMENTS = YES;
				CLANG_WARN_EMPTY_BODY = YES;
				CLANG_WARN_ENUM_CONVERSION = YES;
				CLANG_WARN_INFINITE_RECURSION = YES;
				CLANG_WARN_INT_CONVERSION = YES;
				CLANG_WARN_NON_LITERAL_NULL_CONVERSION = YES;
				CLANG_WARN_OBJC_IMPLICIT_RETAIN_SELF = YES;
				CLANG_WARN_OBJC_LITERAL_CONVERSION = YES;
				CLANG_WARN_OBJC_ROOT_CLASS = YES_ERROR;
				CLANG_WARN_QUOTED_INCLUDE_IN_FRAMEWORK_HEADER = YES;
				CLANG_WARN_RANGE_LOOP_ANALYSIS = YES;
				CLANG_WARN_STRICT_PROTOTYPES = YES;
				CLANG_WARN_SUSPICIOUS_MOVE = YES;
				CLANG_WARN_UNGUARDED_AVAILABILITY = YES_AGGRESSIVE;
				CLANG_WARN_UNREACHABLE_CODE = YES;
				CLANG_WARN__DUPLICATE_METHOD_MATCH = YES;
				COPY_PHASE_STRIP = NO;
				DEBUG_INFORMATION_FORMAT = dwarf;
				ENABLE_STRICT_OBJC_MSGSEND = YES;
				ENABLE_TESTABILITY = YES;
				ENABLE_USER_SCRIPT_SANDBOXING = YES;
				GCC_C_LANGUAGE_STANDARD = gnu17;
				GCC_DYNAMIC_NO_PIC = NO;
				GCC_NO_COMMON_BLOCKS = YES;
				GCC_OPTIMIZATION_LEVEL = 0;
				GCC_PREPROCESSOR_DEFINITIONS = (
					"DEBUG=1",
					"$(inherited)",
				);
				GCC_WARN_64_TO_32_BIT_CONVERSION = YES;
				GCC_WARN_ABOUT_RETURN_TYPE = YES_ERROR;
				GCC_WARN_UNDECLARED_SELECTOR = YES;
				GCC_WARN_UNINITIALIZED_AUTOS = YES_AGGRESSIVE;
				GCC_WARN_UNUSED_FUNCTION = YES;
				GCC_WARN_UNUSED_VARIABLE = YES;
				IPHONEOS_DEPLOYMENT_TARGET = 17.0;
				LOCALIZATION_PREFERS_STRING_CATALOGS = YES;
				MTL_ENABLE_DEBUG_INFO = INCLUDE_SOURCE;
				MTL_FAST_MATH = YES;
				ONLY_ACTIVE_ARCH = YES;
				SDKROOT = iphoneos;
				SWIFT_ACTIVE_COMPILATION_CONDITIONS = "DEBUG $(inherited)";
				SWIFT_OPTIMIZATION_LEVEL = "-Onone";
			};
			name = Debug;
		};
		088D3D742ADDAFD500D20509 /* Release */ = {
			isa = XCBuildConfiguration;
			buildSettings = {
				ALWAYS_SEARCH_USER_PATHS = NO;
				ASSETCATALOG_COMPILER_GENERATE_SWIFT_ASSET_SYMBOL_EXTENSIONS = YES;
				CLANG_ANALYZER_NONNULL = YES;
				CLANG_ANALYZER_NUMBER_OBJECT_CONVERSION = YES_AGGRESSIVE;
				CLANG_CXX_LANGUAGE_STANDARD = "gnu++20";
				CLANG_ENABLE_MODULES = YES;
				CLANG_ENABLE_OBJC_ARC = YES;
				CLANG_ENABLE_OBJC_WEAK = YES;
				CLANG_WARN_BLOCK_CAPTURE_AUTORELEASING = YES;
				CLANG_WARN_BOOL_CONVERSION = YES;
				CLANG_WARN_COMMA = YES;
				CLANG_WARN_CONSTANT_CONVERSION = YES;
				CLANG_WARN_DEPRECATED_OBJC_IMPLEMENTATIONS = YES;
				CLANG_WARN_DIRECT_OBJC_ISA_USAGE = YES_ERROR;
				CLANG_WARN_DOCUMENTATION_COMMENTS = YES;
				CLANG_WARN_EMPTY_BODY = YES;
				CLANG_WARN_ENUM_CONVERSION = YES;
				CLANG_WARN_INFINITE_RECURSION = YES;
				CLANG_WARN_INT_CONVERSION = YES;
				CLANG_WARN_NON_LITERAL_NULL_CONVERSION = YES;
				CLANG_WARN_OBJC_IMPLICIT_RETAIN_SELF = YES;
				CLANG_WARN_OBJC_LITERAL_CONVERSION = YES;
				CLANG_WARN_OBJC_ROOT_CLASS = YES_ERROR;
				CLANG_WARN_QUOTED_INCLUDE_IN_FRAMEWORK_HEADER = YES;
				CLANG_WARN_RANGE_LOOP_ANALYSIS = YES;
				CLANG_WARN_STRICT_PROTOTYPES = YES;
				CLANG_WARN_SUSPICIOUS_MOVE = YES;
				CLANG_WARN_UNGUARDED_AVAILABILITY = YES_AGGRESSIVE;
				CLANG_WARN_UNREACHABLE_CODE = YES;
				CLANG_WARN__DUPLICATE_METHOD_MATCH = YES;
				COPY_PHASE_STRIP = NO;
				DEBUG_INFORMATION_FORMAT = "dwarf-with-dsym";
				ENABLE_NS_ASSERTIONS = NO;
				ENABLE_STRICT_OBJC_MSGSEND = YES;
				ENABLE_USER_SCRIPT_SANDBOXING = YES;
				GCC_C_LANGUAGE_STANDARD = gnu17;
				GCC_NO_COMMON_BLOCKS = YES;
				GCC_WARN_64_TO_32_BIT_CONVERSION = YES;
				GCC_WARN_ABOUT_RETURN_TYPE = YES_ERROR;
				GCC_WARN_UNDECLARED_SELECTOR = YES;
				GCC_WARN_UNINITIALIZED_AUTOS = YES_AGGRESSIVE;
				GCC_WARN_UNUSED_FUNCTION = YES;
				GCC_WARN_UNUSED_VARIABLE = YES;
				IPHONEOS_DEPLOYMENT_TARGET = 17.0;
				LOCALIZATION_PREFERS_STRING_CATALOGS = YES;
				MTL_ENABLE_DEBUG_INFO = NO;
				MTL_FAST_MATH = YES;
				SDKROOT = iphoneos;
				SWIFT_COMPILATION_MODE = wholemodule;
				VALIDATE_PRODUCT = YES;
			};
			name = Release;
		};
		088D3D762ADDAFD500D20509 /* Debug */ = {
			isa = XCBuildConfiguration;
			buildSettings = {
				ASSETCATALOG_COMPILER_APPICON_NAME = AppIcon;
				ASSETCATALOG_COMPILER_GLOBAL_ACCENT_COLOR_NAME = AccentColor;
				CODE_SIGN_STYLE = Automatic;
				CURRENT_PROJECT_VERSION = 1;
				DEVELOPMENT_ASSET_PATHS = "\"AllowanceAgent/Preview Content\"";
				DEVELOPMENT_TEAM = 8XX99S4FGN;
				ENABLE_PREVIEWS = YES;
				GENERATE_INFOPLIST_FILE = YES;
				INFOPLIST_FILE = AllowanceAgent/Info.plist;
				INFOPLIST_KEY_CFBundleDisplayName = AllowanceAgent;
				INFOPLIST_KEY_LSApplicationCategoryType = "public.app-category.finance";
				INFOPLIST_KEY_NSCameraUsageDescription = "Would like to use camera to capture photo";
				INFOPLIST_KEY_UIApplicationSceneManifest_Generation = YES;
				INFOPLIST_KEY_UIApplicationSupportsIndirectInputEvents = YES;
				INFOPLIST_KEY_UILaunchScreen_Generation = YES;
				INFOPLIST_KEY_UISupportedInterfaceOrientations_iPad = "UIInterfaceOrientationPortrait UIInterfaceOrientationPortraitUpsideDown UIInterfaceOrientationLandscapeLeft UIInterfaceOrientationLandscapeRight";
				INFOPLIST_KEY_UISupportedInterfaceOrientations_iPhone = "UIInterfaceOrientationPortrait UIInterfaceOrientationLandscapeLeft UIInterfaceOrientationLandscapeRight";
				IPHONEOS_DEPLOYMENT_TARGET = 17.0;
				LD_RUNPATH_SEARCH_PATHS = (
					"$(inherited)",
					"@executable_path/Frameworks",
				);
				MARKETING_VERSION = 1.0;
				PRODUCT_BUNDLE_IDENTIFIER = com.KingofKings.AllowanceAgent;
				PRODUCT_NAME = "$(TARGET_NAME)";
				SWIFT_EMIT_LOC_STRINGS = YES;
				SWIFT_VERSION = 5.0;
				TARGETED_DEVICE_FAMILY = "1,2";
			};
			name = Debug;
		};
		088D3D772ADDAFD500D20509 /* Release */ = {
			isa = XCBuildConfiguration;
			buildSettings = {
				ASSETCATALOG_COMPILER_APPICON_NAME = AppIcon;
				ASSETCATALOG_COMPILER_GLOBAL_ACCENT_COLOR_NAME = AccentColor;
				CODE_SIGN_STYLE = Automatic;
				CURRENT_PROJECT_VERSION = 1;
				DEVELOPMENT_ASSET_PATHS = "\"AllowanceAgent/Preview Content\"";
				DEVELOPMENT_TEAM = 8XX99S4FGN;
				ENABLE_PREVIEWS = YES;
				GENERATE_INFOPLIST_FILE = YES;
				INFOPLIST_FILE = AllowanceAgent/Info.plist;
				INFOPLIST_KEY_CFBundleDisplayName = AllowanceAgent;
				INFOPLIST_KEY_LSApplicationCategoryType = "public.app-category.finance";
				INFOPLIST_KEY_NSCameraUsageDescription = "Would like to use camera to capture photo";
				INFOPLIST_KEY_UIApplicationSceneManifest_Generation = YES;
				INFOPLIST_KEY_UIApplicationSupportsIndirectInputEvents = YES;
				INFOPLIST_KEY_UILaunchScreen_Generation = YES;
				INFOPLIST_KEY_UISupportedInterfaceOrientations_iPad = "UIInterfaceOrientationPortrait UIInterfaceOrientationPortraitUpsideDown UIInterfaceOrientationLandscapeLeft UIInterfaceOrientationLandscapeRight";
				INFOPLIST_KEY_UISupportedInterfaceOrientations_iPhone = "UIInterfaceOrientationPortrait UIInterfaceOrientationLandscapeLeft UIInterfaceOrientationLandscapeRight";
				IPHONEOS_DEPLOYMENT_TARGET = 17.0;
				LD_RUNPATH_SEARCH_PATHS = (
					"$(inherited)",
					"@executable_path/Frameworks",
				);
				MARKETING_VERSION = 1.0;
				PRODUCT_BUNDLE_IDENTIFIER = com.KingofKings.AllowanceAgent;
				PRODUCT_NAME = "$(TARGET_NAME)";
				SWIFT_EMIT_LOC_STRINGS = YES;
				SWIFT_VERSION = 5.0;
				TARGETED_DEVICE_FAMILY = "1,2";
			};
			name = Release;
		};
		088D3D792ADDAFD500D20509 /* Debug */ = {
			isa = XCBuildConfiguration;
			buildSettings = {
				ALWAYS_EMBED_SWIFT_STANDARD_LIBRARIES = YES;
				BUNDLE_LOADER = "$(TEST_HOST)";
				CODE_SIGN_STYLE = Automatic;
				CURRENT_PROJECT_VERSION = 1;
				DEVELOPMENT_TEAM = 8XX99S4FGN;
				GENERATE_INFOPLIST_FILE = YES;
				IPHONEOS_DEPLOYMENT_TARGET = 17.0;
				MARKETING_VERSION = 1.0;
				PRODUCT_BUNDLE_IDENTIFIER = com.KingofKings.AllowanceAgentTests;
				PRODUCT_NAME = "$(TARGET_NAME)";
				SWIFT_EMIT_LOC_STRINGS = NO;
				SWIFT_VERSION = 5.0;
				TARGETED_DEVICE_FAMILY = "1,2";
				TEST_HOST = "$(BUILT_PRODUCTS_DIR)/AllowanceAgent.app/$(BUNDLE_EXECUTABLE_FOLDER_PATH)/AllowanceAgent";
			};
			name = Debug;
		};
		088D3D7A2ADDAFD500D20509 /* Release */ = {
			isa = XCBuildConfiguration;
			buildSettings = {
				ALWAYS_EMBED_SWIFT_STANDARD_LIBRARIES = YES;
				BUNDLE_LOADER = "$(TEST_HOST)";
				CODE_SIGN_STYLE = Automatic;
				CURRENT_PROJECT_VERSION = 1;
				DEVELOPMENT_TEAM = 8XX99S4FGN;
				GENERATE_INFOPLIST_FILE = YES;
				IPHONEOS_DEPLOYMENT_TARGET = 17.0;
				MARKETING_VERSION = 1.0;
				PRODUCT_BUNDLE_IDENTIFIER = com.KingofKings.AllowanceAgentTests;
				PRODUCT_NAME = "$(TARGET_NAME)";
				SWIFT_EMIT_LOC_STRINGS = NO;
				SWIFT_VERSION = 5.0;
				TARGETED_DEVICE_FAMILY = "1,2";
				TEST_HOST = "$(BUILT_PRODUCTS_DIR)/AllowanceAgent.app/$(BUNDLE_EXECUTABLE_FOLDER_PATH)/AllowanceAgent";
			};
			name = Release;
		};
		088D3D7C2ADDAFD500D20509 /* Debug */ = {
			isa = XCBuildConfiguration;
			buildSettings = {
				ALWAYS_EMBED_SWIFT_STANDARD_LIBRARIES = YES;
				CODE_SIGN_STYLE = Automatic;
				CURRENT_PROJECT_VERSION = 1;
				DEVELOPMENT_TEAM = 8XX99S4FGN;
				GENERATE_INFOPLIST_FILE = YES;
				MARKETING_VERSION = 1.0;
				PRODUCT_BUNDLE_IDENTIFIER = com.KingofKings.AllowanceAgentUITests;
				PRODUCT_NAME = "$(TARGET_NAME)";
				SWIFT_EMIT_LOC_STRINGS = NO;
				SWIFT_VERSION = 5.0;
				TARGETED_DEVICE_FAMILY = "1,2";
				TEST_TARGET_NAME = AllowanceAgent;
			};
			name = Debug;
		};
		088D3D7D2ADDAFD500D20509 /* Release */ = {
			isa = XCBuildConfiguration;
			buildSettings = {
				ALWAYS_EMBED_SWIFT_STANDARD_LIBRARIES = YES;
				CODE_SIGN_STYLE = Automatic;
				CURRENT_PROJECT_VERSION = 1;
				DEVELOPMENT_TEAM = 8XX99S4FGN;
				GENERATE_INFOPLIST_FILE = YES;
				MARKETING_VERSION = 1.0;
				PRODUCT_BUNDLE_IDENTIFIER = com.KingofKings.AllowanceAgentUITests;
				PRODUCT_NAME = "$(TARGET_NAME)";
				SWIFT_EMIT_LOC_STRINGS = NO;
				SWIFT_VERSION = 5.0;
				TARGETED_DEVICE_FAMILY = "1,2";
				TEST_TARGET_NAME = AllowanceAgent;
			};
			name = Release;
		};
/* End XCBuildConfiguration section */

/* Begin XCConfigurationList section */
		088D3D4A2ADDAFD200D20509 /* Build configuration list for PBXProject "AllowanceAgent" */ = {
			isa = XCConfigurationList;
			buildConfigurations = (
				088D3D732ADDAFD500D20509 /* Debug */,
				088D3D742ADDAFD500D20509 /* Release */,
			);
			defaultConfigurationIsVisible = 0;
			defaultConfigurationName = Release;
		};
		088D3D752ADDAFD500D20509 /* Build configuration list for PBXNativeTarget "AllowanceAgent" */ = {
			isa = XCConfigurationList;
			buildConfigurations = (
				088D3D762ADDAFD500D20509 /* Debug */,
				088D3D772ADDAFD500D20509 /* Release */,
			);
			defaultConfigurationIsVisible = 0;
			defaultConfigurationName = Release;
		};
		088D3D782ADDAFD500D20509 /* Build configuration list for PBXNativeTarget "AllowanceAgentTests" */ = {
			isa = XCConfigurationList;
			buildConfigurations = (
				088D3D792ADDAFD500D20509 /* Debug */,
				088D3D7A2ADDAFD500D20509 /* Release */,
			);
			defaultConfigurationIsVisible = 0;
			defaultConfigurationName = Release;
		};
		088D3D7B2ADDAFD500D20509 /* Build configuration list for PBXNativeTarget "AllowanceAgentUITests" */ = {
			isa = XCConfigurationList;
			buildConfigurations = (
				088D3D7C2ADDAFD500D20509 /* Debug */,
				088D3D7D2ADDAFD500D20509 /* Release */,
			);
			defaultConfigurationIsVisible = 0;
			defaultConfigurationName = Release;
		};
/* End XCConfigurationList section */
	};
	rootObject = 088D3D472ADDAFD200D20509 /* Project object */;
}
